{
    "_meta": {
        "hash": {
            "sha256": "943a1e5649438defd6aad6805716d0d12952ba729a400e4219c1f34ef33761cc"
        },
        "pipfile-spec": 6,
        "requires": {
            "python_version": "3.7"
        },
        "sources": [
            {
                "name": "pypi",
                "url": "https://pypi.org/simple",
                "verify_ssl": true
            }
        ]
    },
    "default": {
        "django": {
            "hashes": [
                "sha256:3e2f5d172215862abf2bac3138d8a04229d34dbd2d0dab42c6bf33876cc22323",
                "sha256:91f540000227eace0504a24f508de26daa756353aa7376c6972d7920bc339a3a"
            ],
            "index": "pypi",
            "version": "==2.2.15"
        },
        "django-debug-toolbar": {
            "hashes": [
                "sha256:a1ce0665f7ef47d27b8df4b5d1058748e1f08500a01421a30d35164f38aaaf4c",
                "sha256:c97921a9cd421d392e7860dc4b464db8e06c8628df4dc58fedab012888c293c6"
            ],
            "index": "pypi",
            "version": "==3.1.1"
        },
        "pytz": {
            "hashes": [
                "sha256:a494d53b6d39c3c6e44c3bec237336e14305e4f29bbf800b599253057fbb79ed",
                "sha256:c35965d010ce31b23eeb663ed3cc8c906275d6be1a34393a1d73a41febf4a048"
            ],
            "version": "==2020.1"
        },
        "sqlparse": {
            "hashes": [
                "sha256:017cde379adbd6a1f15a61873f43e8274179378e95ef3fede90b5aa64d304ed0",
                "sha256:0f91fd2e829c44362cbcfab3e9ae12e22badaa8a29ad5ff599f9ec109f0454e8"
            ],
            "markers": "python_version >= '3.5'",
            "version": "==0.4.1"
        },
        "whitenoise": {
            "hashes": [
                "sha256:05ce0be39ad85740a78750c86a93485c40f08ad8c62a6006de0233765996e5c7",
                "sha256:05d00198c777028d72d8b0bbd234db605ef6d60e9410125124002518a48e515d"
            ],
            "index": "pypi",
            "version": "==5.2.0"
        }
    },
    "develop": {}
}
